{
  "name": "node-red-contrib-viera",
  "version": "0.0.1",
  "lockfileVersion": 1,
  "requires": true,
  "dependencies": {
    "viera.js": {
      "version": "0.1.5",
      "resolved": "https://registry.npmjs.org/viera.js/-/viera.js-0.1.5.tgz",
      "integrity": "sha1-+H3XH1AqWRqI4eMghVT9CSZmdtM="
    }
  }
}
